// !$*UTF8*$!
{
	archiveVersion = 1;
	classes = {
	};
	objectVersion = 46;
	objects = {

/* Begin PBXBuildFile section */
		BA5091C51F13CAC0008F496D /* AppDelegate.swift in Sources */ = {isa = PBXBuildFile; fileRef = BA5091C41F13CAC0008F496D /* AppDelegate.swift */; };
		BA5091C71F13CAC0008F496D /* ViewController.swift in Sources */ = {isa = PBXBuildFile; fileRef = BA5091C61F13CAC0008F496D /* ViewController.swift */; };
		BA5091CA1F13CAC0008F496D /* Main.storyboard in Resources */ = {isa = PBXBuildFile; fileRef = BA5091C81F13CAC0008F496D /* Main.storyboard */; };
		BA5091CC1F13CAC0008F496D /* Assets.xcassets in Resources */ = {isa = PBXBuildFile; fileRef = BA5091CB1F13CAC0008F496D /* Assets.xcassets */; };
		BA5091CF1F13CAC0008F496D /* LaunchScreen.storyboard in Resources */ = {isa = PBXBuildFile; fileRef = BA5091CD1F13CAC0008F496D /* LaunchScreen.storyboard */; };
/* End PBXBuildFile section */

/* Begin PBXFileReference section */
		BA5091C11F13CAC0008F496D /* MakeSchoolToDo.app */ = {isa = PBXFileReference; explicitFileType = wrapper.application; includeInIndex = 0; path = MakeSchoolToDo.app; sourceTree = BUILT_PRODUCTS_DIR; };
		BA5091C41F13CAC0008F496D /* AppDelegate.swift */ = {isa = PBXFileReference; lastKnownFileType = sourcecode.swift; path = AppDelegate.swift; sourceTree = "<group>"; };
		BA5091C61F13CAC0008F496D /* ViewController.swift */ = {isa = PBXFileReference; lastKnownFileType = sourcecode.swift; path = ViewController.swift; sourceTree = "<group>"; };
		BA5091C91F13CAC0008F496D /* Base */ = {isa = PBXFileReference; lastKnownFileType = file.storyboard; name = Base; path = Base.lproj/Main.storyboard; sourceTree = "<group>"; };
		BA5091CB1F13CAC0008F496D /* Assets.xcassets */ = {isa = PBXFileReference; lastKnownFileType = folder.assetcatalog; path = Assets.xcassets; sourceTree = "<group>"; };
		BA5091CE1F13CAC0008F496D /* Base */ = {isa = PBXFileReference; lastKnownFileType = file.storyboard; name = Base; path = Base.lproj/LaunchScreen.storyboard; sourceTree = "<group>"; };
		BA5091D01F13CAC0008F496D /* Info.plist */ = {isa = PBXFileReference; lastKnownFileType = text.plist.xml; path = Info.plist; sourceTree = "<group>"; };
/* End PBXFileReference section */

/* Begin PBXFrameworksBuildPhase section */
		BA5091BE1F13CAC0008F496D /* Frameworks */ = {
			isa = PBXFrameworksBuildPhase;
			buildActionMask = 2147483647;
			files = (
			);
			runOnlyForDeploymentPostprocessing = 0;
		};
/* End PBXFrameworksBuildPhase section */

/* Begin PBXGroup section */
		BA5091B81F13CAC0008F496D = {
			isa = PBXGroup;
			children = (
				BA5091C31F13CAC0008F496D /* MakeSchoolToDo */,
				BA5091C21F13CAC0008F496D /* Products */,
			);
			sourceTree = "<group>";
		};
		BA5091C21F13CAC0008F496D /* Products */ = {
			isa = PBXGroup;
			children = (
				BA5091C11F13CAC0008F496D /* MakeSchoolToDo.app */,
			);
			name = Products;
			sourceTree = "<group>";
		};
		BA5091C31F13CAC0008F496D /* MakeSchoolToDo */ = {
			isa = PBXGroup;
			children = (
				BA5091C41F13CAC0008F496D /* AppDelegate.swift */,
				BA5091C61F13CAC0008F496D /* ViewController.swift */,
				BA5091C81F13CAC0008F496D /* Main.storyboard */,
				BA5091CB1F13CAC0008F496D /* Assets.xcassets */,
				BA5091CD1F13CAC0008F496D /* LaunchScreen.storyboard */,
				BA5091D01F13CAC0008F496D /* Info.plist */,
			);
			path = MakeSchoolToDo;
			sourceTree = "<group>";
		};
/* End PBXGroup section */

/* Begin PBXNativeTarget section */
		BA5091C01F13CAC0008F496D /* MakeSchoolToDo */ = {
			isa = PBXNativeTarget;
			buildConfigurationList = BA5091D31F13CAC0008F496D /* Build configuration list for PBXNativeTarget "MakeSchoolToDo" */;
			buildPhases = (
				BA5091BD1F13CAC0008F496D /* Sources */,
				BA5091BE1F13CAC0008F496D /* Frameworks */,
				BA5091BF1F13CAC0008F496D /* Resources */,
			);
			buildRules = (
			);
			dependencies = (
			);
			name = MakeSchoolToDo;
			productName = MakeSchoolToDo;
			productReference = BA5091C11F13CAC0008F496D /* MakeSchoolToDo.app */;
			productType = "com.apple.product-type.application";
		};
/* End PBXNativeTarget section */

/* Begin PBXProject section */
		BA5091B91F13CAC0008F496D /* Project object */ = {
			isa = PBXProject;
			attributes = {
				LastSwiftUpdateCheck = 0830;
				LastUpgradeCheck = 0830;
				ORGANIZATIONNAME = "Jordan Harvey-Morgan";
				TargetAttributes = {
					BA5091C01F13CAC0008F496D = {
						CreatedOnToolsVersion = 8.3.3;
						DevelopmentTeam = C9L43P9G27;
						ProvisioningStyle = Automatic;
					};
				};
			};
			buildConfigurationList = BA5091BC1F13CAC0008F496D /* Build configuration list for PBXProject "MakeSchoolToDo" */;
			compatibilityVersion = "Xcode 3.2";
			developmentRegion = English;
			hasScannedForEncodings = 0;
			knownRegions = (
				en,
				Base,
			);
			mainGroup = BA5091B81F13CAC0008F496D;
			productRefGroup = BA5091C21F13CAC0008F496D /* Products */;
			projectDirPath = "";
			projectRoot = "";
			targets = (
				BA5091C01F13CAC0008F496D /* MakeSchoolToDo */,
			);
		};
/* End PBXProject section */

/* Begin PBXResourcesBuildPhase section */
		BA5091BF1F13CAC0008F496D /* Resources */ = {
			isa = PBXResourcesBuildPhase;
			buildActionMask = 2147483647;
			files = (
				BA5091CF1F13CAC0008F496D /* LaunchScreen.storyboard in Resources */,
				BA5091CC1F13CAC0008F496D /* Assets.xcassets in Resources */,
				BA5091CA1F13CAC0008F496D /* Main.storyboard in Resources */,
			);
			runOnlyForDeploymentPostprocessing = 0;
		};
/* End PBXResourcesBuildPhase section */

/* Begin PBXSourcesBuildPhase section */
		BA5091BD1F13CAC0008F496D /* Sources */ = {
			isa = PBXSourcesBuildPhase;
			buildActionMask = 2147483647;
			files = (
				BA5091C71F13CAC0008F496D /* ViewController.swift in Sources */,
				BA5091C51F13CAC0008F496D /* AppDelegate.swift in Sources */,
			);
			runOnlyForDeploymentPostprocessing = 0;
		};
/* End PBXSourcesBuildPhase section */

/* Begin PBXVariantGroup section */
		BA5091C81F13CAC0008F496D /* Main.storyboard */ = {
			isa = PBXVariantGroup;
			children = (
				BA5091C91F13CAC0008F496D /* Base */,
			);
			name = Main.storyboard;
			sourceTree = "<group>";
		};
		BA5091CD1F13CAC0008F496D /* LaunchScreen.storyboard */ = {
			isa = PBXVariantGroup;
			children = (
				BA5091CE1F13CAC0008F496D /* Base */,
			);
			name = LaunchScreen.storyboard;
			sourceTree = "<group>";
		};
/* End PBXVariantGroup section */

/* Begin XCBuildConfiguration section */
		BA5091D11F13CAC0008F496D /* Debug */ = {
			isa = XCBuildConfiguration;
			buildSettings = {
				ALWAYS_SEARCH_USER_PATHS = NO;
				CLANG_ANALYZER_NONNULL = YES;
				CLANG_ANALYZER_NUMBER_OBJECT_CONVERSION = YES_AGGRESSIVE;
				CLANG_CXX_LANGUAGE_STANDARD = "gnu++0x";
				CLANG_CXX_LIBRARY = "libc++";
				CLANG_ENABLE_MODULES = YES;
				CLANG_ENABLE_OBJC_ARC = YES;
				CLANG_WARN_BOOL_CONVERSION = YES;
				CLANG_WARN_CONSTANT_CONVERSION = YES;
				CLANG_WARN_DIRECT_OBJC_ISA_USAGE = YES_ERROR;
				CLANG_WARN_DOCUMENTATION_COMMENTS = YES;
				CLANG_WARN_EMPTY_BODY = YES;
				CLANG_WARN_ENUM_CONVERSION = YES;
				CLANG_WARN_INFINITE_RECURSION = YES;
				CLANG_WARN_INT_CONVERSION = YES;
				CLANG_WARN_OBJC_ROOT_CLASS = YES_ERROR;
				CLANG_WARN_SUSPICIOUS_MOVE = YES;
				CLANG_WARN_UNREACHABLE_CODE = YES;
				CLANG_WARN__DUPLICATE_METHOD_MATCH = YES;
				"CODE_SIGN_IDENTITY[sdk=iphoneos*]" = "iPhone Developer";
				COPY_PHASE_STRIP = NO;
				DEBUG_INFORMATION_FORMAT = dwarf;
				ENABLE_STRICT_OBJC_MSGSEND = YES;
				ENABLE_TESTABILITY = YES;
				GCC_C_LANGUAGE_STANDARD = gnu99;
				GCC_DYNAMIC_NO_PIC = NO;
				GCC_NO_COMMON_BLOCKS = YES;
				GCC_OPTIMIZATION_LEVEL = 0;
				GCC_PREPROCESSOR_DEFINITIONS = (
					"DEBUG=1",
					"$(inherited)",
				);
				GCC_WARN_64_TO_32_BIT_CONVERSION = YES;
				GCC_WARN_ABOUT_RETURN_TYPE = YES_ERROR;
				GCC_WARN_UNDECLARED_SELECTOR = YES;
				GCC_WARN_UNINITIALIZED_AUTOS = YES_AGGRESSIVE;
				GCC_WARN_UNUSED_FUNCTION = YES;
				GCC_WARN_UNUSED_VARIABLE = YES;
				IPHONEOS_DEPLOYMENT_TARGET = 10.3;
				MTL_ENABLE_DEBUG_INFO = YES;
				ONLY_ACTIVE_ARCH = YES;
				SDKROOT = iphoneos;
				SWIFT_ACTIVE_COMPILATION_CONDITIONS = DEBUG;
				SWIFT_OPTIMIZATION_LEVEL = "-Onone";
			};
			name = Debug;
		};
		BA5091D21F13CAC0008F496D /* Release */ = {
			isa = XCBuildConfiguration;
			buildSettings = {
				ALWAYS_SEARCH_USER_PATHS = NO;
				CLANG_ANALYZER_NONNULL = YES;
				CLANG_ANALYZER_NUMBER_OBJECT_CONVERSION = YES_AGGRESSIVE;
				CLANG_CXX_LANGUAGE_STANDARD = "gnu++0x";
				CLANG_CXX_LIBRARY = "libc++";
				CLANG_ENABLE_MODULES = YES;
				CLANG_ENABLE_OBJC_ARC = YES;
				CLANG_WARN_BOOL_CONVERSION = YES;
				CLANG_WARN_CONSTANT_CONVERSION = YES;
				CLANG_WARN_DIRECT_OBJC_ISA_USAGE = YES_ERROR;
				CLANG_WARN_DOCUMENTATION_COMMENTS = YES;
				CLANG_WARN_EMPTY_BODY = YES;
				CLANG_WARN_ENUM_CONVERSION = YES;
				CLANG_WARN_INFINITE_RECURSION = YES;
				CLANG_WARN_INT_CONVERSION = YES;
				CLANG_WARN_OBJC_ROOT_CLASS = YES_ERROR;
				CLANG_WARN_SUSPICIOUS_MOVE = YES;
				CLANG_WARN_UNREACHABLE_CODE = YES;
				CLANG_WARN__DUPLICATE_METHOD_MATCH = YES;
				"CODE_SIGN_IDENTITY[sdk=iphoneos*]" = "iPhone Developer";
				COPY_PHASE_STRIP = NO;
				DEBUG_INFORMATION_FORMAT = "dwarf-with-dsym";
				ENABLE_NS_ASSERTIONS = NO;
				ENABLE_STRICT_OBJC_MSGSEND = YES;
				GCC_C_LANGUAGE_STANDARD = gnu99;
				GCC_NO_COMMON_BLOCKS = YES;
				GCC_WARN_64_TO_32_BIT_CONVERSION = YES;
				GCC_WARN_ABOUT_RETURN_TYPE = YES_ERROR;
				GCC_WARN_UNDECLARED_SELECTOR = YES;
				GCC_WARN_UNINITIALIZED_AUTOS = YES_AGGRESSIVE;
				GCC_WARN_UNUSED_FUNCTION = YES;
				GCC_WARN_UNUSED_VARIABLE = YES;
				IPHONEOS_DEPLOYMENT_TARGET = 10.3;
				MTL_ENABLE_DEBUG_INFO = NO;
				SDKROOT = iphoneos;
				SWIFT_OPTIMIZATION_LEVEL = "-Owholemodule";
				VALIDATE_PRODUCT = YES;
			};
			name = Release;
		};
		BA5091D41F13CAC0008F496D /* Debug */ = {
			isa = XCBuildConfiguration;
			buildSettings = {
				ASSETCATALOG_COMPILER_APPICON_NAME = AppIcon;
				DEVELOPMENT_TEAM = C9L43P9G27;
				INFOPLIST_FILE = MakeSchoolToDo/Info.plist;
				LD_RUNPATH_SEARCH_PATHS = "$(inherited) @executable_path/Frameworks";
				PRODUCT_BUNDLE_IDENTIFIER = com.jharveymorgan.MakeSchoolToDo;
				PRODUCT_NAME = "$(TARGET_NAME)";
				SWIFT_VERSION = 3.0;
			};
			name = Debug;
		};
		BA5091D51F13CAC0008F496D /* Release */ = {
			isa = XCBuildConfiguration;
			buildSettings = {
				ASSETCATALOG_COMPILER_APPICON_NAME = AppIcon;
				DEVELOPMENT_TEAM = C9L43P9G27;
				INFOPLIST_FILE = MakeSchoolToDo/Info.plist;
				LD_RUNPATH_SEARCH_PATHS = "$(inherited) @executable_path/Frameworks";
				PRODUCT_BUNDLE_IDENTIFIER = com.jharveymorgan.MakeSchoolToDo;
				PRODUCT_NAME = "$(TARGET_NAME)";
				SWIFT_VERSION = 3.0;
			};
			name = Release;
		};
/* End XCBuildConfiguration section */

/* Begin XCConfigurationList section */
		BA5091BC1F13CAC0008F496D /* Build configuration list for PBXProject "MakeSchoolToDo" */ = {
			isa = XCConfigurationList;
			buildConfigurations = (
				BA5091D11F13CAC0008F496D /* Debug */,
				BA5091D21F13CAC0008F496D /* Release */,
			);
			defaultConfigurationIsVisible = 0;
			defaultConfigurationName = Release;
		};
		BA5091D31F13CAC0008F496D /* Build configuration list for PBXNativeTarget "MakeSchoolToDo" */ = {
			isa = XCConfigurationList;
			buildConfigurations = (
				BA5091D41F13CAC0008F496D /* Debug */,
				BA5091D51F13CAC0008F496D /* Release */,
			);
			defaultConfigurationIsVisible = 0;
		};
/* End XCConfigurationList section */
	};
	rootObject = BA5091B91F13CAC0008F496D /* Project object */;
}
